[[package]]
name = "mutagen"
version = "1.45.1"
description = "read and write audio tags for many formats"
category = "main"
optional = false
python-versions = ">=3.5, <4"

[[package]]
name = "pycryptodome"
version = "3.10.4"
description = "Cryptographic library for Python"
category = "main"
optional = false
python-versions = ">=2.7, !=3.0.*, !=3.1.*, !=3.2.*, !=3.3.*, !=3.4.*"

[[package]]
name = "sortedcontainers"
version = "2.4.0"
description = "Sorted Containers -- Sorted List, Sorted Dict, Sorted Set"
category = "main"
optional = false
python-versions = "*"

[[package]]
name = "websockets"
version = "10.0"
description = "An implementation of the WebSocket Protocol (RFC 6455 & 7692)"
category = "main"
optional = false
python-versions = ">=3.7"

[[package]]
name = "yt-dlp"
version = "2021.9.25"
description = "Command-line program to download videos from YouTube.com and many other other video platforms."
category = "main"
optional = false
python-versions = ">=3.6"

[package.dependencies]
mutagen = "*"
pycryptodome = "*"
websockets = "*"

[metadata]
lock-version = "1.1"
python-versions = "^3.9"
content-hash = "cc30998465b169eedefd8364ed6bc08c0fae77a67d3ba0f2c56aa4460baccc2c"

[metadata.files]
mutagen = [
    {file = "mutagen-1.45.1-py3-none-any.whl", hash = "sha256:9c9f243fcec7f410f138cb12c21c84c64fde4195481a30c9bfb05b5f003adfed"},
    {file = "mutagen-1.45.1.tar.gz", hash = "sha256:6397602efb3c2d7baebd2166ed85731ae1c1d475abca22090b7141ff5034b3e1"},
]
pycryptodome = [
    {file = "pycryptodome-3.10.4-cp27-cp27m-macosx_10_9_x86_64.whl", hash = "sha256:91ba4215a1f37d0f371fe43bc88c5ff49c274849f3868321c889313787de7672"},
    {file = "pycryptodome-3.10.4-cp27-cp27m-manylinux1_i686.whl", hash = "sha256:66301e4c42dee43ee2da256625d3fe81ef98cc9924c2bd535008cc3ad8ded77b"},
    {file = "pycryptodome-3.10.4-cp27-cp27m-manylinux1_x86_64.whl", hash = "sha256:8ec154ec445412df31acf0096e7f715e30e167c8f2318b8f5b1ab7c28f4c82f7"},
    {file = "pycryptodome-3.10.4-cp27-cp27m-manylinux2010_i686.whl", hash = "sha256:8e82524e7c354033508891405574d12e612cc4fdd3b55d2c238fc1a3e300b606"},
    {file = "pycryptodome-3.10.4-cp27-cp27m-manylinux2010_x86_64.whl", hash = "sha256:b217b4525e60e1af552d62bec01b4685095436d4de5ecde0f05d75b2f95ba6d4"},
    {file = "pycryptodome-3.10.4-cp27-cp27m-win32.whl", hash = "sha256:c6469d1453f5864e3321a172b0aa671b938d753cbf2376b99fa2ab8841539bb8"},
    {file = "pycryptodome-3.10.4-cp27-cp27m-win_amd64.whl", hash = "sha256:6b45fcace5a5d9c57ba87cf804b161adc62aa826295ce7f7acbcbdc0df74ed37"},
    {file = "pycryptodome-3.10.4-cp27-cp27mu-manylinux1_i686.whl", hash = "sha256:b1daf251395af7336ddde6a0015ba5e632c18fe646ba930ef87402537358e3b4"},
    {file = "pycryptodome-3.10.4-cp27-cp27mu-manylinux1_x86_64.whl", hash = "sha256:9a2312440057bf29b9582f72f14d79692044e63bfbc4b4bbea8559355f44f3dd"},
    {file = "pycryptodome-3.10.4-cp27-cp27mu-manylinux2010_i686.whl", hash = "sha256:54d4e4d45f349d8c4e2f31c2734637ff62a844af391b833f789da88e43a8f338"},
    {file = "pycryptodome-3.10.4-cp27-cp27mu-manylinux2010_x86_64.whl", hash = "sha256:97e7df67a4da2e3f60612bbfd6c3f243a63a15d8f4797dd275e1d7b44a65cb12"},
    {file = "pycryptodome-3.10.4-cp35-abi3-macosx_10_9_x86_64.whl", hash = "sha256:217dcc0c92503f7dd4b3d3b7d974331a4419f97f555c99a845c3b366fed7056b"},
    {file = "pycryptodome-3.10.4-cp35-abi3-manylinux1_i686.whl", hash = "sha256:a7471646d8cd1a58bb696d667dcb3853e5c9b341b68dcf3c3cc0893d0f98ca5f"},
    {file = "pycryptodome-3.10.4-cp35-abi3-manylinux1_x86_64.whl", hash = "sha256:d713dc0910e5ded07852a05e9b75f1dd9d3a31895eebee0668f612779b2a748c"},
    {file = "pycryptodome-3.10.4-cp35-abi3-manylinux2010_i686.whl", hash = "sha256:ac3012c36633564b2b5539bb7c6d9175f31d2ce74844e9abe654c428f02d0fd8"},
    {file = "pycryptodome-3.10.4-cp35-abi3-manylinux2010_x86_64.whl", hash = "sha256:3f9fb499e267039262569d08658132c9cd8b136bf1d8c56b72f70ed05551e526"},
    {file = "pycryptodome-3.10.4-cp35-abi3-win32.whl", hash = "sha256:7efec2418e9746ec48e264eea431f8e422d931f71c57b1c96ee202b117f58fa9"},
    {file = "pycryptodome-3.10.4-cp35-abi3-win_amd64.whl", hash = "sha256:49e54f2245befb0193848c8c8031d8d1358ed4af5a1ae8d0a3ba669a5cdd3a72"},
    {file = "pycryptodome-3.10.4-pp27-pypy_73-macosx_10_9_x86_64.whl", hash = "sha256:4e8fc4c48365ce8a542fe48bf1360da05bb2851df12f64fc94d751705e7cdbe7"},
    {file = "pycryptodome-3.10.4-pp27-pypy_73-manylinux1_x86_64.whl", hash = "sha256:851e6d4930b160417235955322db44adbdb19589918670d63f4acd5d92959ac0"},
    {file = "pycryptodome-3.10.4-pp27-pypy_73-manylinux2010_x86_64.whl", hash = "sha256:04e14c732c3693d2830839feed5129286ce47ffa8bfe90e4ae042c773e51c677"},
    {file = "pycryptodome-3.10.4-pp27-pypy_73-win32.whl", hash = "sha256:cefe6b267b8e5c3c72e11adec35a9c7285b62e8ea141b63e87055e9a9e5f2f8c"},
    {file = "pycryptodome-3.10.4-pp36-pypy36_pp73-macosx_10_9_x86_64.whl", hash = "sha256:24c1b7705d19d8ae3e7255431efd2e526006855df62620118dd7b5374c6372f6"},
    {file = "pycryptodome-3.10.4-pp36-pypy36_pp73-manylinux1_x86_64.whl", hash = "sha256:c61ea053bd5d4c12a063d7e704fbe1c45abb5d2510dab55bd95d166ba661604f"},
    {file = "pycryptodome-3.10.4-pp36-pypy36_pp73-manylinux2010_x86_64.whl", hash = "sha256:11d3164fb49fdee000fde05baecce103c0c698168ef1a18d9c7429dd66f0f5bb"},
    {file = "pycryptodome-3.10.4-pp36-pypy36_pp73-win32.whl", hash = "sha256:3faa6ebd35c61718f3f8862569c1f38450c24f3ededb213e1a64806f02f584bc"},
    {file = "pycryptodome-3.10.4.tar.gz", hash = "sha256:40083b0d7f277452c7f2dd4841801f058cc12a74c219ee4110d65774c6a58bef"},
]
sortedcontainers = [
    {file = "sortedcontainers-2.4.0-py2.py3-none-any.whl", hash = "sha256:a163dcaede0f1c021485e957a39245190e74249897e2ae4b2aa38595db237ee0"},
    {file = "sortedcontainers-2.4.0.tar.gz", hash = "sha256:25caa5a06cc30b6b83d11423433f65d1f9d76c4c6a0c90e3379eaa43b9bfdb88"},
]
websockets = [
    {file = "websockets-10.0-cp37-cp37m-macosx_10_9_x86_64.whl", hash = "sha256:cd8c6f2ec24aedace251017bc7a414525171d4e6578f914acab9349362def4da"},
    {file = "websockets-10.0-cp37-cp37m-manylinux1_i686.whl", hash = "sha256:1f6b814cff6aadc4288297cb3a248614829c6e4ff5556593c44a115e9dd49939"},
    {file = "websockets-10.0-cp37-cp37m-manylinux1_x86_64.whl", hash = "sha256:01db0ecd1a0ca6702d02a5ed40413e18b7d22f94afb3bbe0d323bac86c42c1c8"},
    {file = "websockets-10.0-cp37-cp37m-manylinux2010_i686.whl", hash = "sha256:82b17524b1ce6ae7f7dd93e4d18e9b9474071e28b65dbf1dfe9b5767778db379"},
    {file = "websockets-10.0-cp37-cp37m-manylinux2010_x86_64.whl", hash = "sha256:8bbf8660c3f833ddc8b1afab90213f2e672a9ddac6eecb3cde968e6b2807c1c7"},
    {file = "websockets-10.0-cp37-cp37m-manylinux2014_aarch64.whl", hash = "sha256:b8176deb6be540a46695960a765a77c28ac8b2e3ef2ec95d50a4f5df901edb1c"},
    {file = "websockets-10.0-cp37-cp37m-win32.whl", hash = "sha256:706e200fc7f03bed99ad0574cd1ea8b0951477dd18cc978ccb190683c69dba76"},
    {file = "websockets-10.0-cp37-cp37m-win_amd64.whl", hash = "sha256:5b2600e01c7ca6f840c42c747ffbe0254f319594ed108db847eb3d75f4aacb80"},
    {file = "websockets-10.0-cp38-cp38-macosx_10_9_x86_64.whl", hash = "sha256:085bb8a6e780d30eaa1ba48ac7f3a6707f925edea787cfb761ce5a39e77ac09b"},
    {file = "websockets-10.0-cp38-cp38-manylinux1_i686.whl", hash = "sha256:9a4d889162bd48588e80950e07fa5e039eee9deb76a58092e8c3ece96d7ef537"},
    {file = "websockets-10.0-cp38-cp38-manylinux1_x86_64.whl", hash = "sha256:b4ade7569b6fd17912452f9c3757d96f8e4044016b6d22b3b8391e641ca50456"},
    {file = "websockets-10.0-cp38-cp38-manylinux2010_i686.whl", hash = "sha256:2a43072e434c041a99f2e1eb9b692df0232a38c37c61d00e9f24db79474329e4"},
    {file = "websockets-10.0-cp38-cp38-manylinux2010_x86_64.whl", hash = "sha256:7f79f02c7f9a8320aff7d3321cd1c7e3a7dbc15d922ac996cca827301ee75238"},
    {file = "websockets-10.0-cp38-cp38-manylinux2014_aarch64.whl", hash = "sha256:1ac35426fe3e7d3d0fac3d63c8965c76ed67a8fd713937be072bf0ce22808539"},
    {file = "websockets-10.0-cp38-cp38-win32.whl", hash = "sha256:ff59c6bdb87b31f7e2d596f09353d5a38c8c8ff571b0e2238e8ee2d55ad68465"},
    {file = "websockets-10.0-cp38-cp38-win_amd64.whl", hash = "sha256:d67646ddd17a86117ae21c27005d83c1895c0cef5d7be548b7549646372f868a"},
    {file = "websockets-10.0-cp39-cp39-macosx_10_9_x86_64.whl", hash = "sha256:82bd921885231f4a30d9bc550552495b3fc36b1235add6d374e7c65c3babd805"},
    {file = "websockets-10.0-cp39-cp39-manylinux1_i686.whl", hash = "sha256:7d2e12e4f901f1bc062dfdf91831712c4106ed18a9a4cdb65e2e5f502124ca37"},
    {file = "websockets-10.0-cp39-cp39-manylinux1_x86_64.whl", hash = "sha256:71358c7816e2762f3e4af3adf0040f268e219f5a38cb3487a9d0fc2e554fef6a"},
    {file = "websockets-10.0-cp39-cp39-manylinux2010_i686.whl", hash = "sha256:fe83b3ec9ef34063d86dfe1029160a85f24a5a94271036e5714a57acfdd089a1"},
    {file = "websockets-10.0-cp39-cp39-manylinux2010_x86_64.whl", hash = "sha256:eb282127e9c136f860c6068a4fba5756eb25e755baffb5940b6f1eae071928b2"},
    {file = "websockets-10.0-cp39-cp39-manylinux2014_aarch64.whl", hash = "sha256:62160772314920397f9d219147f958b33fa27a12c662d4455c9ccbba9a07e474"},
    {file = "websockets-10.0-cp39-cp39-win32.whl", hash = "sha256:e42a1f1e03437b017af341e9bbfdc09252cd48ef32a8c3c3ead769eab3b17368"},
    {file = "websockets-10.0-cp39-cp39-win_amd64.whl", hash = "sha256:c5880442f5fc268f1ef6d37b2c152c114deccca73f48e3a8c48004d2f16f4567"},
    {file = "websockets-10.0.tar.gz", hash = "sha256:c4fc9a1d242317892590abe5b61a9127f1a61740477bfb121743f290b8054002"},
]
yt-dlp = [
    {file = "yt-dlp-2021.9.25.tar.gz", hash = "sha256:e7b8dd0ee9498abbd80eb38d9753696d6ca3d02f64980322ab3bf39ba1bc31ee"},
    {file = "yt_dlp-2021.9.25-py2.py3-none-any.whl", hash = "sha256:8abefec5bf7d08e50b34f90b76d4a8c23e27cd90bda4bca934d5bcf2ceba7f4d"},
]
